
Microsoft Visual Studio Solution File, Format Version 12.00
# Visual Studio Version 16
VisualStudioVersion = 16.0.32228.343
MinimumVisualStudioVersion = 10.0.40219.1
Project("{FAE04EC0-301F-11D3-BF4B-00C04F79EFBC}") = "Allpro", "Allpro\Allpro.csproj", "{D0A35E08-603F-4CAE-B897-19C7E8ACCB01}"
EndProject
Global
	GlobalSection(SolutionConfigurationPlatforms) = preSolution
		Debug|Any CPU = Debug|Any CPU
		Release|Any CPU = Release|Any CPU
	EndGlobalSection
	GlobalSection(ProjectConfigurationPlatforms) = postSolution
		{D0A35E08-603F-4CAE-B897-19C7E8ACCB01}.Debug|Any CPU.ActiveCfg = Debug|Any CPU
		{D0A35E08-603F-4CAE-B897-19C7E8ACCB01}.Debug|Any CPU.Build.0 = Debug|Any CPU
		{D0A35E08-603F-4CAE-B897-19C7E8ACCB01}.Release|Any CPU.ActiveCfg = Release|Any CPU
		{D0A35E08-603F-4CAE-B897-19C7E8ACCB01}.Release|Any CPU.Build.0 = Release|Any CPU
	EndGlobalSection
	GlobalSection(SolutionProperties) = preSolution
		HideSolutionNode = FALSE
	EndGlobalSection
	GlobalSection(ExtensibilityGlobals) = postSolution
		SolutionGuid = {437D8C7D-55EC-4391-8A3A-54CD88B9FDF5}
	EndGlobalSection
EndGlobal
